
Microsoft Visual Studio Solution File, Format Version 12.00
# Visual Studio Version 17
VisualStudioVersion = 17.6.33723.286
MinimumVisualStudioVersion = 10.0.40219.1
Project("{9A19103F-16F7-4668-BE54-9A1E7A4F7556}") = "BoilerPlate", "BoilerPlate.csproj", "{2ECBF382-FE0B-4268-B100-E80861F6649D}"
EndProject
Project("{2150E333-8FDC-42A3-9474-1A3956D46DE8}") = "Solution Items", "Solution Items", "{3534D21F-40AA-4BEB-9E21-AB901C89BEB1}"
	ProjectSection(SolutionItems) = preProject
		.editorconfig = .editorconfig
	EndProjectSection
EndProject
Global
	GlobalSection(SolutionConfigurationPlatforms) = preSolution
		Debug|Any CPU = Debug|Any CPU
		Release|Any CPU = Release|Any CPU
	EndGlobalSection
	GlobalSection(ProjectConfigurationPlatforms) = postSolution
		{2ECBF382-FE0B-4268-B100-E80861F6649D}.Debug|Any CPU.ActiveCfg = Debug|Any CPU
		{2ECBF382-FE0B-4268-B100-E80861F6649D}.Debug|Any CPU.Build.0 = Debug|Any CPU
		{2ECBF382-FE0B-4268-B100-E80861F6649D}.Release|Any CPU.ActiveCfg = Release|Any CPU
		{2ECBF382-FE0B-4268-B100-E80861F6649D}.Release|Any CPU.Build.0 = Release|Any CPU
	EndGlobalSection
	GlobalSection(SolutionProperties) = preSolution
		HideSolutionNode = FALSE
	EndGlobalSection
	GlobalSection(ExtensibilityGlobals) = postSolution
		SolutionGuid = {3A1B3FB9-9F17-4766-A560-B6A2583C04FE}
	EndGlobalSection
EndGlobal
